
Microsoft Visual Studio Solution File, Format Version 12.00
# Visual Studio Version 17
VisualStudioVersion = 17.13.35919.96
MinimumVisualStudioVersion = 10.0.40219.1
Project("{FAE04EC0-301F-11D3-BF4B-00C04F79EFBC}") = "StudyMess_Server", "StudyMess_Server\StudyMess_Server.csproj", "{AB50A4E3-8742-F393-3DB9-E92E2FF1D8EF}"
EndProject
Project("{FAE04EC0-301F-11D3-BF4B-00C04F79EFBC}") = "StudyMess_Client", "StudyMess_Client\StudyMess_Client.csproj", "{A4C821EE-53CC-1AF9-C06A-A3125EA9E2FC}"
EndProject
Project("{2150E333-8FDC-42A3-9474-1A3956D46DE8}") = "Элементы решения", "Элементы решения", "{754FC069-D67B-A9D7-50A1-8D1CA196D8F1}"
	ProjectSection(SolutionItems) = preProject
		README.txt = README.txt
	EndProjectSection
EndProject
Global
	GlobalSection(SolutionConfigurationPlatforms) = preSolution
		Debug|Any CPU = Debug|Any CPU
		Release|Any CPU = Release|Any CPU
	EndGlobalSection
	GlobalSection(ProjectConfigurationPlatforms) = postSolution
		{AB50A4E3-8742-F393-3DB9-E92E2FF1D8EF}.Debug|Any CPU.ActiveCfg = Debug|Any CPU
		{AB50A4E3-8742-F393-3DB9-E92E2FF1D8EF}.Debug|Any CPU.Build.0 = Debug|Any CPU
		{AB50A4E3-8742-F393-3DB9-E92E2FF1D8EF}.Release|Any CPU.ActiveCfg = Release|Any CPU
		{AB50A4E3-8742-F393-3DB9-E92E2FF1D8EF}.Release|Any CPU.Build.0 = Release|Any CPU
		{A4C821EE-53CC-1AF9-C06A-A3125EA9E2FC}.Debug|Any CPU.ActiveCfg = Debug|Any CPU
		{A4C821EE-53CC-1AF9-C06A-A3125EA9E2FC}.Debug|Any CPU.Build.0 = Debug|Any CPU
		{A4C821EE-53CC-1AF9-C06A-A3125EA9E2FC}.Release|Any CPU.ActiveCfg = Release|Any CPU
		{A4C821EE-53CC-1AF9-C06A-A3125EA9E2FC}.Release|Any CPU.Build.0 = Release|Any CPU
	EndGlobalSection
	GlobalSection(SolutionProperties) = preSolution
		HideSolutionNode = FALSE
	EndGlobalSection
	GlobalSection(ExtensibilityGlobals) = postSolution
		SolutionGuid = {EBFD0E6F-B0BA-4AC6-86FD-33679EFED8B3}
	EndGlobalSection
EndGlobal
